// !$*UTF8*$!
{
	archiveVersion = 1;
	classes = {
	};
	objectVersion = 55;
	objects = {

/* Begin PBXBuildFile section */
		671E07242889DE2700A9ABC6 /* ExtensionDelegate.swift in Sources */ = {isa = PBXBuildFile; fileRef = 671E07232889DE2700A9ABC6 /* ExtensionDelegate.swift */; };
		67574D3F2890740A00F847F0 /* CoreView.swift in Sources */ = {isa = PBXBuildFile; fileRef = 67574D3E2890737C00F847F0 /* CoreView.swift */; };
		67574D402890747700F847F0 /* ConsentView.swift in Sources */ = {isa = PBXBuildFile; fileRef = 67574D3D2890721C00F847F0 /* ConsentView.swift */; };
		67574D42289074D000F847F0 /* ButtonStyle.swift in Sources */ = {isa = PBXBuildFile; fileRef = 67574D41289074D000F847F0 /* ButtonStyle.swift */; };
		67574D6C289087A200F847F0 /* AEPCore in Frameworks */ = {isa = PBXBuildFile; productRef = 67574D6B289087A200F847F0 /* AEPCore */; };
		67574D6E289087A200F847F0 /* AEPIdentity in Frameworks */ = {isa = PBXBuildFile; productRef = 67574D6D289087A200F847F0 /* AEPIdentity */; };
		67574D70289087A200F847F0 /* AEPLifecycle in Frameworks */ = {isa = PBXBuildFile; productRef = 67574D6F289087A200F847F0 /* AEPLifecycle */; };
		67574D74289087A200F847F0 /* AEPSignal in Frameworks */ = {isa = PBXBuildFile; productRef = 67574D73289087A200F847F0 /* AEPSignal */; };
		67574D77289087AF00F847F0 /* AEPMessaging in Frameworks */ = {isa = PBXBuildFile; productRef = 67574D76289087AF00F847F0 /* AEPMessaging */; };
		67574D7A289087BD00F847F0 /* AEPEdgeIdentity in Frameworks */ = {isa = PBXBuildFile; productRef = 67574D79289087BD00F847F0 /* AEPEdgeIdentity */; };
		67574D7D289087CA00F847F0 /* AEPEdge in Frameworks */ = {isa = PBXBuildFile; productRef = 67574D7C289087CA00F847F0 /* AEPEdge */; };
		67574D83289087E700F847F0 /* AEPUserProfile in Frameworks */ = {isa = PBXBuildFile; productRef = 67574D82289087E700F847F0 /* AEPUserProfile */; };
		67574D852890909F00F847F0 /* EdgeView.swift in Sources */ = {isa = PBXBuildFile; fileRef = 67574D842890909F00F847F0 /* EdgeView.swift */; };
		67574D9C2890926700F847F0 /* ProductListItemsItem.swift in Sources */ = {isa = PBXBuildFile; fileRef = 67574D8C2890926600F847F0 /* ProductListItemsItem.swift */; };
		67574D9D2890926700F847F0 /* ProductListReopens.swift in Sources */ = {isa = PBXBuildFile; fileRef = 67574D8D2890926600F847F0 /* ProductListReopens.swift */; };
		67574D9E2890926700F847F0 /* PaymentsItem.swift in Sources */ = {isa = PBXBuildFile; fileRef = 67574D8E2890926600F847F0 /* PaymentsItem.swift */; };
		67574D9F2890926700F847F0 /* MobileSDKCommerceSchema.swift in Sources */ = {isa = PBXBuildFile; fileRef = 67574D8F2890926600F847F0 /* MobileSDKCommerceSchema.swift */; };
		67574DA02890926700F847F0 /* ProductViews.swift in Sources */ = {isa = PBXBuildFile; fileRef = 67574D902890926600F847F0 /* ProductViews.swift */; };
		67574DA12890926700F847F0 /* InStorePurchase.swift in Sources */ = {isa = PBXBuildFile; fileRef = 67574D912890926600F847F0 /* InStorePurchase.swift */; };
		67574DA22890926700F847F0 /* ProductListAdds.swift in Sources */ = {isa = PBXBuildFile; fileRef = 67574D922890926600F847F0 /* ProductListAdds.swift */; };
		67574DA32890926700F847F0 /* ProductListRemovals.swift in Sources */ = {isa = PBXBuildFile; fileRef = 67574D932890926600F847F0 /* ProductListRemovals.swift */; };
		67574DA42890926700F847F0 /* ProductListViews.swift in Sources */ = {isa = PBXBuildFile; fileRef = 67574D942890926600F847F0 /* ProductListViews.swift */; };
		67574DA52890926700F847F0 /* SaveForLaters.swift in Sources */ = {isa = PBXBuildFile; fileRef = 67574D952890926600F847F0 /* SaveForLaters.swift */; };
		67574DA62890926700F847F0 /* Checkouts.swift in Sources */ = {isa = PBXBuildFile; fileRef = 67574D962890926600F847F0 /* Checkouts.swift */; };
		67574DA72890926700F847F0 /* ProductListOpens.swift in Sources */ = {isa = PBXBuildFile; fileRef = 67574D972890926600F847F0 /* ProductListOpens.swift */; };
		67574DA82890926700F847F0 /* Purchases.swift in Sources */ = {isa = PBXBuildFile; fileRef = 67574D982890926600F847F0 /* Purchases.swift */; };
		67574DA92890926700F847F0 /* CartAbandons.swift in Sources */ = {isa = PBXBuildFile; fileRef = 67574D992890926600F847F0 /* CartAbandons.swift */; };
		67574DAA2890926700F847F0 /* Order.swift in Sources */ = {isa = PBXBuildFile; fileRef = 67574D9A2890926700F847F0 /* Order.swift */; };
		67574DAB2890926700F847F0 /* Commerce.swift in Sources */ = {isa = PBXBuildFile; fileRef = 67574D9B2890926700F847F0 /* Commerce.swift */; };
		67574DAD2890AAC000F847F0 /* EdgeIdentityView.swift in Sources */ = {isa = PBXBuildFile; fileRef = 67574DAC2890AAC000F847F0 /* EdgeIdentityView.swift */; };
		6763FFC328919B9A004552A0 /* AEPServices in Frameworks */ = {isa = PBXBuildFile; productRef = 6763FFC228919B9A004552A0 /* AEPServices */; };
		6763FFC528919BBE004552A0 /* AEPEdgeConsent in Frameworks */ = {isa = PBXBuildFile; productRef = 6763FFC428919BBE004552A0 /* AEPEdgeConsent */; };
		6763FFD52891C357004552A0 /* AdIdUtils.swift in Sources */ = {isa = PBXBuildFile; fileRef = 6763FFD42891C2CB004552A0 /* AdIdUtils.swift */; };
		6763FFD9289344A8004552A0 /* AssuranceView.swift in Sources */ = {isa = PBXBuildFile; fileRef = 6763FFD8289344A0004552A0 /* AssuranceView.swift */; };
		6763FFDB2893462C004552A0 /* MessagingView.swift in Sources */ = {isa = PBXBuildFile; fileRef = 6763FFDA2893452F004552A0 /* MessagingView.swift */; };
		677EC75B2888C52C008B97B1 /* AEPSampleWatchOSApp WatchKit App.app in Embed Watch Content */ = {isa = PBXBuildFile; fileRef = 677EC75A2888C52C008B97B1 /* AEPSampleWatchOSApp WatchKit App.app */; settings = {ATTRIBUTES = (RemoveHeadersOnCopy, ); }; };
		677EC7602888C52C008B97B1 /* Assets.xcassets in Resources */ = {isa = PBXBuildFile; fileRef = 677EC75F2888C52C008B97B1 /* Assets.xcassets */; };
		677EC76B2888C52C008B97B1 /* AEPSampleWatchOSAppApp.swift in Sources */ = {isa = PBXBuildFile; fileRef = 677EC76A2888C52C008B97B1 /* AEPSampleWatchOSAppApp.swift */; };
		677EC76D2888C52C008B97B1 /* MenuView.swift in Sources */ = {isa = PBXBuildFile; fileRef = 677EC76C2888C52C008B97B1 /* MenuView.swift */; };
		677EC76F2888C52C008B97B1 /* NotificationController.swift in Sources */ = {isa = PBXBuildFile; fileRef = 677EC76E2888C52C008B97B1 /* NotificationController.swift */; };
		677EC7712888C52C008B97B1 /* NotificationView.swift in Sources */ = {isa = PBXBuildFile; fileRef = 677EC7702888C52C008B97B1 /* NotificationView.swift */; };
		677EC7732888C52C008B97B1 /* ComplicationController.swift in Sources */ = {isa = PBXBuildFile; fileRef = 677EC7722888C52C008B97B1 /* ComplicationController.swift */; };
		677EC7752888C52D008B97B1 /* Assets.xcassets in Resources */ = {isa = PBXBuildFile; fileRef = 677EC7742888C52D008B97B1 /* Assets.xcassets */; };
		677EC7782888C52D008B97B1 /* Preview Assets.xcassets in Resources */ = {isa = PBXBuildFile; fileRef = 677EC7772888C52D008B97B1 /* Preview Assets.xcassets */; };
		678F3E54289351CD00D2AD61 /* UserNotifications.framework in Frameworks */ = {isa = PBXBuildFile; fileRef = 678F3E50289351C900D2AD61 /* UserNotifications.framework */; };
		678F3E56289351D100D2AD61 /* UserNotificationsUI.framework in Frameworks */ = {isa = PBXBuildFile; fileRef = 678F3E51289351C900D2AD61 /* UserNotificationsUI.framework */; };
		67FDC51F288B5B630097EADB /* AEPMessaging in Frameworks */ = {isa = PBXBuildFile; productRef = 67FDC51E288B5B630097EADB /* AEPMessaging */; };
		67FEC87128936D4800996F58 /* empty.swift in Sources */ = {isa = PBXBuildFile; fileRef = 678F3E58289369F400D2AD61 /* empty.swift */; };
/* End PBXBuildFile section */

/* Begin PBXContainerItemProxy section */
		677EC75C2888C52C008B97B1 /* PBXContainerItemProxy */ = {
			isa = PBXContainerItemProxy;
			containerPortal = 677EC7502888C52C008B97B1 /* Project object */;
			proxyType = 1;
			remoteGlobalIDString = 677EC7592888C52C008B97B1;
			remoteInfo = "AEPSampleWatchOSApp WatchKit App";
		};
/* End PBXContainerItemProxy section */

/* Begin PBXCopyFilesBuildPhase section */
		677EC7842888C52D008B97B1 /* Embed Watch Content */ = {
			isa = PBXCopyFilesBuildPhase;
			buildActionMask = 2147483647;
			dstPath = "$(CONTENTS_FOLDER_PATH)/Watch";
			dstSubfolderSpec = 16;
			files = (
				677EC75B2888C52C008B97B1 /* AEPSampleWatchOSApp WatchKit App.app in Embed Watch Content */,
			);
			name = "Embed Watch Content";
			runOnlyForDeploymentPostprocessing = 0;
		};
/* End PBXCopyFilesBuildPhase section */

/* Begin PBXFileReference section */
		670B4660288F4B7E009C7D19 /* AEPSampleWatchOSApp-WatchKit-App-Info.plist */ = {isa = PBXFileReference; lastKnownFileType = text.plist; path = "AEPSampleWatchOSApp-WatchKit-App-Info.plist"; sourceTree = SOURCE_ROOT; };
		670EFDA8288B6B6B008470F2 /* AEPSampleWatchOSApp WatchKit App.entitlements */ = {isa = PBXFileReference; lastKnownFileType = text.plist.entitlements; path = "AEPSampleWatchOSApp WatchKit App.entitlements"; sourceTree = "<group>"; };
		671E07232889DE2700A9ABC6 /* ExtensionDelegate.swift */ = {isa = PBXFileReference; lastKnownFileType = sourcecode.swift; path = ExtensionDelegate.swift; sourceTree = "<group>"; };
		67574D3D2890721C00F847F0 /* ConsentView.swift */ = {isa = PBXFileReference; lastKnownFileType = sourcecode.swift; path = ConsentView.swift; sourceTree = "<group>"; };
		67574D3E2890737C00F847F0 /* CoreView.swift */ = {isa = PBXFileReference; lastKnownFileType = sourcecode.swift; path = CoreView.swift; sourceTree = "<group>"; };
		67574D41289074D000F847F0 /* ButtonStyle.swift */ = {isa = PBXFileReference; lastKnownFileType = sourcecode.swift; path = ButtonStyle.swift; sourceTree = "<group>"; };
		67574D842890909F00F847F0 /* EdgeView.swift */ = {isa = PBXFileReference; lastKnownFileType = sourcecode.swift; path = EdgeView.swift; sourceTree = "<group>"; };
		67574D8C2890926600F847F0 /* ProductListItemsItem.swift */ = {isa = PBXFileReference; fileEncoding = 4; lastKnownFileType = sourcecode.swift; name = ProductListItemsItem.swift; path = "AEPSampleWatchOSApp WatchKit Extension/xdmlib/ProductListItemsItem.swift"; sourceTree = SOURCE_ROOT; };
		67574D8D2890926600F847F0 /* ProductListReopens.swift */ = {isa = PBXFileReference; fileEncoding = 4; lastKnownFileType = sourcecode.swift; name = ProductListReopens.swift; path = "AEPSampleWatchOSApp WatchKit Extension/xdmlib/ProductListReopens.swift"; sourceTree = SOURCE_ROOT; };
		67574D8E2890926600F847F0 /* PaymentsItem.swift */ = {isa = PBXFileReference; fileEncoding = 4; lastKnownFileType = sourcecode.swift; name = PaymentsItem.swift; path = "AEPSampleWatchOSApp WatchKit Extension/xdmlib/PaymentsItem.swift"; sourceTree = SOURCE_ROOT; };
		67574D8F2890926600F847F0 /* MobileSDKCommerceSchema.swift */ = {isa = PBXFileReference; fileEncoding = 4; lastKnownFileType = sourcecode.swift; name = MobileSDKCommerceSchema.swift; path = "AEPSampleWatchOSApp WatchKit Extension/xdmlib/MobileSDKCommerceSchema.swift"; sourceTree = SOURCE_ROOT; };
		67574D902890926600F847F0 /* ProductViews.swift */ = {isa = PBXFileReference; fileEncoding = 4; lastKnownFileType = sourcecode.swift; name = ProductViews.swift; path = "AEPSampleWatchOSApp WatchKit Extension/xdmlib/ProductViews.swift"; sourceTree = SOURCE_ROOT; };
		67574D912890926600F847F0 /* InStorePurchase.swift */ = {isa = PBXFileReference; fileEncoding = 4; lastKnownFileType = sourcecode.swift; name = InStorePurchase.swift; path = "AEPSampleWatchOSApp WatchKit Extension/xdmlib/InStorePurchase.swift"; sourceTree = SOURCE_ROOT; };
		67574D922890926600F847F0 /* ProductListAdds.swift */ = {isa = PBXFileReference; fileEncoding = 4; lastKnownFileType = sourcecode.swift; name = ProductListAdds.swift; path = "AEPSampleWatchOSApp WatchKit Extension/xdmlib/ProductListAdds.swift"; sourceTree = SOURCE_ROOT; };
		67574D932890926600F847F0 /* ProductListRemovals.swift */ = {isa = PBXFileReference; fileEncoding = 4; lastKnownFileType = sourcecode.swift; name = ProductListRemovals.swift; path = "AEPSampleWatchOSApp WatchKit Extension/xdmlib/ProductListRemovals.swift"; sourceTree = SOURCE_ROOT; };
		67574D942890926600F847F0 /* ProductListViews.swift */ = {isa = PBXFileReference; fileEncoding = 4; lastKnownFileType = sourcecode.swift; name = ProductListViews.swift; path = "AEPSampleWatchOSApp WatchKit Extension/xdmlib/ProductListViews.swift"; sourceTree = SOURCE_ROOT; };
		67574D952890926600F847F0 /* SaveForLaters.swift */ = {isa = PBXFileReference; fileEncoding = 4; lastKnownFileType = sourcecode.swift; name = SaveForLaters.swift; path = "AEPSampleWatchOSApp WatchKit Extension/xdmlib/SaveForLaters.swift"; sourceTree = SOURCE_ROOT; };
		67574D962890926600F847F0 /* Checkouts.swift */ = {isa = PBXFileReference; fileEncoding = 4; lastKnownFileType = sourcecode.swift; name = Checkouts.swift; path = "AEPSampleWatchOSApp WatchKit Extension/xdmlib/Checkouts.swift"; sourceTree = SOURCE_ROOT; };
		67574D972890926600F847F0 /* ProductListOpens.swift */ = {isa = PBXFileReference; fileEncoding = 4; lastKnownFileType = sourcecode.swift; name = ProductListOpens.swift; path = "AEPSampleWatchOSApp WatchKit Extension/xdmlib/ProductListOpens.swift"; sourceTree = SOURCE_ROOT; };
		67574D982890926600F847F0 /* Purchases.swift */ = {isa = PBXFileReference; fileEncoding = 4; lastKnownFileType = sourcecode.swift; name = Purchases.swift; path = "AEPSampleWatchOSApp WatchKit Extension/xdmlib/Purchases.swift"; sourceTree = SOURCE_ROOT; };
		67574D992890926600F847F0 /* CartAbandons.swift */ = {isa = PBXFileReference; fileEncoding = 4; lastKnownFileType = sourcecode.swift; name = CartAbandons.swift; path = "AEPSampleWatchOSApp WatchKit Extension/xdmlib/CartAbandons.swift"; sourceTree = SOURCE_ROOT; };
		67574D9A2890926700F847F0 /* Order.swift */ = {isa = PBXFileReference; fileEncoding = 4; lastKnownFileType = sourcecode.swift; name = Order.swift; path = "AEPSampleWatchOSApp WatchKit Extension/xdmlib/Order.swift"; sourceTree = SOURCE_ROOT; };
		67574D9B2890926700F847F0 /* Commerce.swift */ = {isa = PBXFileReference; fileEncoding = 4; lastKnownFileType = sourcecode.swift; name = Commerce.swift; path = "AEPSampleWatchOSApp WatchKit Extension/xdmlib/Commerce.swift"; sourceTree = SOURCE_ROOT; };
		67574DAC2890AAC000F847F0 /* EdgeIdentityView.swift */ = {isa = PBXFileReference; lastKnownFileType = sourcecode.swift; path = EdgeIdentityView.swift; sourceTree = "<group>"; };
		6763FFD42891C2CB004552A0 /* AdIdUtils.swift */ = {isa = PBXFileReference; lastKnownFileType = sourcecode.swift; path = AdIdUtils.swift; sourceTree = "<group>"; };
		6763FFD6289343BF004552A0 /* aepsdk-assurance-ios */ = {isa = PBXFileReference; lastKnownFileType = wrapper; name = "aepsdk-assurance-ios"; path = "../SDKs/aepsdk-assurance-ios"; sourceTree = "<group>"; };
		6763FFD8289344A0004552A0 /* AssuranceView.swift */ = {isa = PBXFileReference; lastKnownFileType = sourcecode.swift; path = AssuranceView.swift; sourceTree = "<group>"; };
		6763FFDA2893452F004552A0 /* MessagingView.swift */ = {isa = PBXFileReference; lastKnownFileType = sourcecode.swift; path = MessagingView.swift; sourceTree = "<group>"; };
		677EC7562888C52C008B97B1 /* AEPSampleWatchOSApp.app */ = {isa = PBXFileReference; explicitFileType = wrapper.application; includeInIndex = 0; path = AEPSampleWatchOSApp.app; sourceTree = BUILT_PRODUCTS_DIR; };
		677EC75A2888C52C008B97B1 /* AEPSampleWatchOSApp WatchKit App.app */ = {isa = PBXFileReference; explicitFileType = wrapper.application; includeInIndex = 0; path = "AEPSampleWatchOSApp WatchKit App.app"; sourceTree = BUILT_PRODUCTS_DIR; };
		677EC75F2888C52C008B97B1 /* Assets.xcassets */ = {isa = PBXFileReference; lastKnownFileType = folder.assetcatalog; path = Assets.xcassets; sourceTree = "<group>"; };
		677EC76A2888C52C008B97B1 /* AEPSampleWatchOSAppApp.swift */ = {isa = PBXFileReference; lastKnownFileType = sourcecode.swift; path = AEPSampleWatchOSAppApp.swift; sourceTree = "<group>"; };
		677EC76C2888C52C008B97B1 /* MenuView.swift */ = {isa = PBXFileReference; lastKnownFileType = sourcecode.swift; path = MenuView.swift; sourceTree = "<group>"; };
		677EC76E2888C52C008B97B1 /* NotificationController.swift */ = {isa = PBXFileReference; lastKnownFileType = sourcecode.swift; path = NotificationController.swift; sourceTree = "<group>"; };
		677EC7702888C52C008B97B1 /* NotificationView.swift */ = {isa = PBXFileReference; lastKnownFileType = sourcecode.swift; path = NotificationView.swift; sourceTree = "<group>"; };
		677EC7722888C52C008B97B1 /* ComplicationController.swift */ = {isa = PBXFileReference; lastKnownFileType = sourcecode.swift; path = ComplicationController.swift; sourceTree = "<group>"; };
		677EC7742888C52D008B97B1 /* Assets.xcassets */ = {isa = PBXFileReference; lastKnownFileType = folder.assetcatalog; path = Assets.xcassets; sourceTree = "<group>"; };
		677EC7772888C52D008B97B1 /* Preview Assets.xcassets */ = {isa = PBXFileReference; lastKnownFileType = folder.assetcatalog; path = "Preview Assets.xcassets"; sourceTree = "<group>"; };
		677EC7792888C52D008B97B1 /* Info.plist */ = {isa = PBXFileReference; lastKnownFileType = text.plist.xml; path = Info.plist; sourceTree = "<group>"; };
		677EC77A2888C52D008B97B1 /* PushNotificationPayload.apns */ = {isa = PBXFileReference; lastKnownFileType = text; path = PushNotificationPayload.apns; sourceTree = "<group>"; };
		678F3E50289351C900D2AD61 /* UserNotifications.framework */ = {isa = PBXFileReference; lastKnownFileType = wrapper.framework; name = UserNotifications.framework; path = Platforms/WatchOS.platform/Developer/SDKs/WatchOS9.0.sdk/System/Library/Frameworks/UserNotifications.framework; sourceTree = DEVELOPER_DIR; };
		678F3E51289351C900D2AD61 /* UserNotificationsUI.framework */ = {isa = PBXFileReference; lastKnownFileType = wrapper.framework; name = UserNotificationsUI.framework; path = Platforms/WatchOS.platform/Developer/SDKs/WatchOS9.0.sdk/System/Library/Frameworks/UserNotificationsUI.framework; sourceTree = DEVELOPER_DIR; };
		678F3E58289369F400D2AD61 /* empty.swift */ = {isa = PBXFileReference; lastKnownFileType = sourcecode.swift; path = empty.swift; sourceTree = "<group>"; };
/* End PBXFileReference section */

/* Begin PBXFrameworksBuildPhase section */
		003DFC9685264016FE1BF844 /* Frameworks */ = {
			isa = PBXFrameworksBuildPhase;
			buildActionMask = 2147483647;
			files = (
				67574D7D289087CA00F847F0 /* AEPEdge in Frameworks */,
				67574D74289087A200F847F0 /* AEPSignal in Frameworks */,
				67574D6C289087A200F847F0 /* AEPCore in Frameworks */,
				67574D83289087E700F847F0 /* AEPUserProfile in Frameworks */,
				67574D77289087AF00F847F0 /* AEPMessaging in Frameworks */,
				67574D7A289087BD00F847F0 /* AEPEdgeIdentity in Frameworks */,
				6763FFC328919B9A004552A0 /* AEPServices in Frameworks */,
				6763FFC528919BBE004552A0 /* AEPEdgeConsent in Frameworks */,
				67FDC51F288B5B630097EADB /* AEPMessaging in Frameworks */,
				67574D70289087A200F847F0 /* AEPLifecycle in Frameworks */,
				67574D6E289087A200F847F0 /* AEPIdentity in Frameworks */,
				678F3E56289351D100D2AD61 /* UserNotificationsUI.framework in Frameworks */,
				678F3E54289351CD00D2AD61 /* UserNotifications.framework in Frameworks */,
			);
			runOnlyForDeploymentPostprocessing = 0;
		};
		8D2A8C9132DB1D7B179EE651 /* Frameworks */ = {
			isa = PBXFrameworksBuildPhase;
			buildActionMask = 2147483647;
			files = (
			);
			runOnlyForDeploymentPostprocessing = 0;
		};
/* End PBXFrameworksBuildPhase section */

/* Begin PBXGroup section */
		670EFDBE288B82F0008470F2 /* Packages */ = {
			isa = PBXGroup;
			children = (
				6763FFD6289343BF004552A0 /* aepsdk-assurance-ios */,
			);
			name = Packages;
			sourceTree = "<group>";
		};
		67574D8B2890923F00F847F0 /* xdmlib2 */ = {
			isa = PBXGroup;
			children = (
				67574D992890926600F847F0 /* CartAbandons.swift */,
				67574D962890926600F847F0 /* Checkouts.swift */,
				67574D9B2890926700F847F0 /* Commerce.swift */,
				67574D912890926600F847F0 /* InStorePurchase.swift */,
				67574D8F2890926600F847F0 /* MobileSDKCommerceSchema.swift */,
				67574D9A2890926700F847F0 /* Order.swift */,
				67574D8E2890926600F847F0 /* PaymentsItem.swift */,
				67574D922890926600F847F0 /* ProductListAdds.swift */,
				67574D8C2890926600F847F0 /* ProductListItemsItem.swift */,
				67574D972890926600F847F0 /* ProductListOpens.swift */,
				67574D932890926600F847F0 /* ProductListRemovals.swift */,
				67574D8D2890926600F847F0 /* ProductListReopens.swift */,
				67574D942890926600F847F0 /* ProductListViews.swift */,
				67574D902890926600F847F0 /* ProductViews.swift */,
				67574D982890926600F847F0 /* Purchases.swift */,
				67574D952890926600F847F0 /* SaveForLaters.swift */,
			);
			path = xdmlib2;
			sourceTree = "<group>";
		};
		677EC74F2888C52C008B97B1 = {
			isa = PBXGroup;
			children = (
				670EFDBE288B82F0008470F2 /* Packages */,
				677EC75E2888C52C008B97B1 /* AEPSampleWatchOSApp WatchKit App */,
				677EC7692888C52C008B97B1 /* AEPSampleWatchOSApp WatchKit Extension */,
				677EC7572888C52C008B97B1 /* Products */,
				67FDC50E288B2D360097EADB /* Frameworks */,
			);
			sourceTree = "<group>";
		};
		677EC7572888C52C008B97B1 /* Products */ = {
			isa = PBXGroup;
			children = (
				677EC7562888C52C008B97B1 /* AEPSampleWatchOSApp.app */,
				677EC75A2888C52C008B97B1 /* AEPSampleWatchOSApp WatchKit App.app */,
			);
			name = Products;
			sourceTree = "<group>";
		};
		677EC75E2888C52C008B97B1 /* AEPSampleWatchOSApp WatchKit App */ = {
			isa = PBXGroup;
			children = (
				670B4660288F4B7E009C7D19 /* AEPSampleWatchOSApp-WatchKit-App-Info.plist */,
				670EFDA8288B6B6B008470F2 /* AEPSampleWatchOSApp WatchKit App.entitlements */,
				677EC75F2888C52C008B97B1 /* Assets.xcassets */,
			);
			path = "AEPSampleWatchOSApp WatchKit App";
			sourceTree = "<group>";
		};
		677EC7692888C52C008B97B1 /* AEPSampleWatchOSApp WatchKit Extension */ = {
			isa = PBXGroup;
			children = (
				67574D8B2890923F00F847F0 /* xdmlib2 */,
				677EC76A2888C52C008B97B1 /* AEPSampleWatchOSAppApp.swift */,
				677EC76C2888C52C008B97B1 /* MenuView.swift */,
				677EC76E2888C52C008B97B1 /* NotificationController.swift */,
				677EC7702888C52C008B97B1 /* NotificationView.swift */,
				67574D3D2890721C00F847F0 /* ConsentView.swift */,
				677EC7722888C52C008B97B1 /* ComplicationController.swift */,
				67574D842890909F00F847F0 /* EdgeView.swift */,
				67574D41289074D000F847F0 /* ButtonStyle.swift */,
				671E07232889DE2700A9ABC6 /* ExtensionDelegate.swift */,
				67574D3E2890737C00F847F0 /* CoreView.swift */,
				67574DAC2890AAC000F847F0 /* EdgeIdentityView.swift */,
				6763FFD8289344A0004552A0 /* AssuranceView.swift */,
				6763FFDA2893452F004552A0 /* MessagingView.swift */,
				6763FFD42891C2CB004552A0 /* AdIdUtils.swift */,
				677EC7742888C52D008B97B1 /* Assets.xcassets */,
				677EC7792888C52D008B97B1 /* Info.plist */,
				677EC77A2888C52D008B97B1 /* PushNotificationPayload.apns */,
				677EC7762888C52D008B97B1 /* Preview Content */,
				678F3E58289369F400D2AD61 /* empty.swift */,
			);
			path = "AEPSampleWatchOSApp WatchKit Extension";
			sourceTree = "<group>";
		};
		677EC7762888C52D008B97B1 /* Preview Content */ = {
			isa = PBXGroup;
			children = (
				677EC7772888C52D008B97B1 /* Preview Assets.xcassets */,
			);
			path = "Preview Content";
			sourceTree = "<group>";
		};
		67FDC50E288B2D360097EADB /* Frameworks */ = {
			isa = PBXGroup;
			children = (
				678F3E50289351C900D2AD61 /* UserNotifications.framework */,
				678F3E51289351C900D2AD61 /* UserNotificationsUI.framework */,
			);
			name = Frameworks;
			sourceTree = "<group>";
		};
/* End PBXGroup section */

/* Begin PBXNativeTarget section */
		677EC7552888C52C008B97B1 /* AEPSampleWatchOSApp */ = {
			isa = PBXNativeTarget;
			buildConfigurationList = 677EC7852888C52D008B97B1 /* Build configuration list for PBXNativeTarget "AEPSampleWatchOSApp" */;
			buildPhases = (
				677EC7542888C52C008B97B1 /* Resources */,
				677EC7842888C52D008B97B1 /* Embed Watch Content */,
				8D2A8C9132DB1D7B179EE651 /* Frameworks */,
			);
			buildRules = (
			);
			dependencies = (
				677EC75D2888C52C008B97B1 /* PBXTargetDependency */,
			);
			name = AEPSampleWatchOSApp;
			productName = AEPSampleWatchOSApp;
			productReference = 677EC7562888C52C008B97B1 /* AEPSampleWatchOSApp.app */;
			productType = "com.apple.product-type.application.watchapp2-container";
		};
		677EC7592888C52C008B97B1 /* AEPSampleWatchOSApp WatchKit App */ = {
			isa = PBXNativeTarget;
			buildConfigurationList = 677EC7812888C52D008B97B1 /* Build configuration list for PBXNativeTarget "AEPSampleWatchOSApp WatchKit App" */;
			buildPhases = (
				677EC7582888C52C008B97B1 /* Resources */,
				003DFC9685264016FE1BF844 /* Frameworks */,
				677EC7612888C52C008B97B1 /* Sources */,
			);
			buildRules = (
			);
			dependencies = (
			);
			name = "AEPSampleWatchOSApp WatchKit App";
			packageProductDependencies = (
				67574D6B289087A200F847F0 /* AEPCore */,
				67574D6D289087A200F847F0 /* AEPIdentity */,
				67574D6F289087A200F847F0 /* AEPLifecycle */,
				67574D73289087A200F847F0 /* AEPSignal */,
				67574D76289087AF00F847F0 /* AEPMessaging */,
				67574D79289087BD00F847F0 /* AEPEdgeIdentity */,
				67574D7C289087CA00F847F0 /* AEPEdge */,
				67574D82289087E700F847F0 /* AEPUserProfile */,
				6763FFC228919B9A004552A0 /* AEPServices */,
				6763FFC428919BBE004552A0 /* AEPEdgeConsent */,
			);
			productName = "AEPSampleWatchOSApp WatchKit App";
			productReference = 677EC75A2888C52C008B97B1 /* AEPSampleWatchOSApp WatchKit App.app */;
			productType = "com.apple.product-type.application";
		};
/* End PBXNativeTarget section */

/* Begin PBXProject section */
		677EC7502888C52C008B97B1 /* Project object */ = {
			isa = PBXProject;
			attributes = {
				BuildIndependentTargetsInParallel = 1;
				LastSwiftUpdateCheck = 1340;
				LastUpgradeCheck = 1400;
				TargetAttributes = {
					677EC7552888C52C008B97B1 = {
						CreatedOnToolsVersion = 13.4.1;
					};
					677EC7592888C52C008B97B1 = {
						CreatedOnToolsVersion = 13.4.1;
					};
				};
			};
			buildConfigurationList = 677EC7532888C52C008B97B1 /* Build configuration list for PBXProject "AEPSampleWatchOSApp" */;
			compatibilityVersion = "Xcode 13.0";
			developmentRegion = en;
			hasScannedForEncodings = 0;
			knownRegions = (
				en,
				Base,
			);
			mainGroup = 677EC74F2888C52C008B97B1;
			packageReferences = (
				67574D6A289087A200F847F0 /* XCRemoteSwiftPackageReference "aepsdk-core-ios" */,
				67574D75289087AF00F847F0 /* XCRemoteSwiftPackageReference "aepsdk-messaging-ios" */,
				67574D78289087BD00F847F0 /* XCRemoteSwiftPackageReference "aepsdk-edgeidentity-ios" */,
				67574D7B289087CA00F847F0 /* XCRemoteSwiftPackageReference "aepsdk-edge-ios" */,
				67574D7E289087D800F847F0 /* XCRemoteSwiftPackageReference "aepsdk-edgeconsent-ios" */,
				67574D81289087E700F847F0 /* XCRemoteSwiftPackageReference "aepsdk-userprofile-ios" */,
			);
			productRefGroup = 677EC7572888C52C008B97B1 /* Products */;
			projectDirPath = "";
			projectRoot = "";
			targets = (
				677EC7552888C52C008B97B1 /* AEPSampleWatchOSApp */,
				677EC7592888C52C008B97B1 /* AEPSampleWatchOSApp WatchKit App */,
			);
		};
/* End PBXProject section */

/* Begin PBXResourcesBuildPhase section */
		677EC7542888C52C008B97B1 /* Resources */ = {
			isa = PBXResourcesBuildPhase;
			buildActionMask = 2147483647;
			files = (
			);
			runOnlyForDeploymentPostprocessing = 0;
		};
		677EC7582888C52C008B97B1 /* Resources */ = {
			isa = PBXResourcesBuildPhase;
			buildActionMask = 2147483647;
			files = (
				677EC7782888C52D008B97B1 /* Preview Assets.xcassets in Resources */,
				677EC7752888C52D008B97B1 /* Assets.xcassets in Resources */,
				677EC7602888C52C008B97B1 /* Assets.xcassets in Resources */,
			);
			runOnlyForDeploymentPostprocessing = 0;
		};
/* End PBXResourcesBuildPhase section */

/* Begin PBXSourcesBuildPhase section */
		677EC7612888C52C008B97B1 /* Sources */ = {
			isa = PBXSourcesBuildPhase;
			buildActionMask = 2147483647;
			files = (
				67574D9F2890926700F847F0 /* MobileSDKCommerceSchema.swift in Sources */,
				67574DA02890926700F847F0 /* ProductViews.swift in Sources */,
				677EC76F2888C52C008B97B1 /* NotificationController.swift in Sources */,
				67574DA72890926700F847F0 /* ProductListOpens.swift in Sources */,
				67574D402890747700F847F0 /* ConsentView.swift in Sources */,
				67574DA32890926700F847F0 /* ProductListRemovals.swift in Sources */,
				677EC76D2888C52C008B97B1 /* MenuView.swift in Sources */,
				67574DA22890926700F847F0 /* ProductListAdds.swift in Sources */,
				671E07242889DE2700A9ABC6 /* ExtensionDelegate.swift in Sources */,
				67FEC87128936D4800996F58 /* empty.swift in Sources */,
				67574D9C2890926700F847F0 /* ProductListItemsItem.swift in Sources */,
				67574DAB2890926700F847F0 /* Commerce.swift in Sources */,
				677EC7732888C52C008B97B1 /* ComplicationController.swift in Sources */,
				677EC76B2888C52C008B97B1 /* AEPSampleWatchOSAppApp.swift in Sources */,
				6763FFD52891C357004552A0 /* AdIdUtils.swift in Sources */,
				67574DAA2890926700F847F0 /* Order.swift in Sources */,
				67574DA42890926700F847F0 /* ProductListViews.swift in Sources */,
				67574D42289074D000F847F0 /* ButtonStyle.swift in Sources */,
				67574DA62890926700F847F0 /* Checkouts.swift in Sources */,
				67574D9D2890926700F847F0 /* ProductListReopens.swift in Sources */,
				67574DAD2890AAC000F847F0 /* EdgeIdentityView.swift in Sources */,
				67574D852890909F00F847F0 /* EdgeView.swift in Sources */,
				6763FFDB2893462C004552A0 /* MessagingView.swift in Sources */,
				67574D9E2890926700F847F0 /* PaymentsItem.swift in Sources */,
				6763FFD9289344A8004552A0 /* AssuranceView.swift in Sources */,
				677EC7712888C52C008B97B1 /* NotificationView.swift in Sources */,
				67574DA82890926700F847F0 /* Purchases.swift in Sources */,
				67574D3F2890740A00F847F0 /* CoreView.swift in Sources */,
				67574DA92890926700F847F0 /* CartAbandons.swift in Sources */,
				67574DA12890926700F847F0 /* InStorePurchase.swift in Sources */,
				67574DA52890926700F847F0 /* SaveForLaters.swift in Sources */,
			);
			runOnlyForDeploymentPostprocessing = 0;
		};
/* End PBXSourcesBuildPhase section */

/* Begin PBXTargetDependency section */
		677EC75D2888C52C008B97B1 /* PBXTargetDependency */ = {
			isa = PBXTargetDependency;
			target = 677EC7592888C52C008B97B1 /* AEPSampleWatchOSApp WatchKit App */;
			targetProxy = 677EC75C2888C52C008B97B1 /* PBXContainerItemProxy */;
		};
/* End PBXTargetDependency section */

/* Begin XCBuildConfiguration section */
		677EC77B2888C52D008B97B1 /* Debug */ = {
			isa = XCBuildConfiguration;
			buildSettings = {
				ALWAYS_SEARCH_USER_PATHS = NO;
				CLANG_ANALYZER_NONNULL = YES;
				CLANG_ANALYZER_NUMBER_OBJECT_CONVERSION = YES_AGGRESSIVE;
				CLANG_CXX_LANGUAGE_STANDARD = "gnu++17";
				CLANG_ENABLE_MODULES = YES;
				CLANG_ENABLE_OBJC_ARC = YES;
				CLANG_ENABLE_OBJC_WEAK = YES;
				CLANG_WARN_BLOCK_CAPTURE_AUTORELEASING = YES;
				CLANG_WARN_BOOL_CONVERSION = YES;
				CLANG_WARN_COMMA = YES;
				CLANG_WARN_CONSTANT_CONVERSION = YES;
				CLANG_WARN_DEPRECATED_OBJC_IMPLEMENTATIONS = YES;
				CLANG_WARN_DIRECT_OBJC_ISA_USAGE = YES_ERROR;
				CLANG_WARN_DOCUMENTATION_COMMENTS = YES;
				CLANG_WARN_EMPTY_BODY = YES;
				CLANG_WARN_ENUM_CONVERSION = YES;
				CLANG_WARN_INFINITE_RECURSION = YES;
				CLANG_WARN_INT_CONVERSION = YES;
				CLANG_WARN_NON_LITERAL_NULL_CONVERSION = YES;
				CLANG_WARN_OBJC_IMPLICIT_RETAIN_SELF = YES;
				CLANG_WARN_OBJC_LITERAL_CONVERSION = YES;
				CLANG_WARN_OBJC_ROOT_CLASS = YES_ERROR;
				CLANG_WARN_QUOTED_INCLUDE_IN_FRAMEWORK_HEADER = YES;
				CLANG_WARN_RANGE_LOOP_ANALYSIS = YES;
				CLANG_WARN_STRICT_PROTOTYPES = YES;
				CLANG_WARN_SUSPICIOUS_MOVE = YES;
				CLANG_WARN_UNGUARDED_AVAILABILITY = YES_AGGRESSIVE;
				CLANG_WARN_UNREACHABLE_CODE = YES;
				CLANG_WARN__DUPLICATE_METHOD_MATCH = YES;
				COPY_PHASE_STRIP = NO;
				DEBUG_INFORMATION_FORMAT = dwarf;
				ENABLE_STRICT_OBJC_MSGSEND = YES;
				ENABLE_TESTABILITY = YES;
				GCC_C_LANGUAGE_STANDARD = gnu11;
				GCC_DYNAMIC_NO_PIC = NO;
				GCC_NO_COMMON_BLOCKS = YES;
				GCC_OPTIMIZATION_LEVEL = 0;
				GCC_PREPROCESSOR_DEFINITIONS = (
					"DEBUG=1",
					"$(inherited)",
				);
				GCC_WARN_64_TO_32_BIT_CONVERSION = YES;
				GCC_WARN_ABOUT_RETURN_TYPE = YES_ERROR;
				GCC_WARN_UNDECLARED_SELECTOR = YES;
				GCC_WARN_UNINITIALIZED_AUTOS = YES_AGGRESSIVE;
				GCC_WARN_UNUSED_FUNCTION = YES;
				GCC_WARN_UNUSED_VARIABLE = YES;
				MTL_ENABLE_DEBUG_INFO = INCLUDE_SOURCE;
				MTL_FAST_MATH = YES;
				ONLY_ACTIVE_ARCH = YES;
				SDKROOT = iphoneos;
				SWIFT_ACTIVE_COMPILATION_CONDITIONS = DEBUG;
				SWIFT_OPTIMIZATION_LEVEL = "-Onone";
			};
			name = Debug;
		};
		677EC77C2888C52D008B97B1 /* Release */ = {
			isa = XCBuildConfiguration;
			buildSettings = {
				ALWAYS_SEARCH_USER_PATHS = NO;
				CLANG_ANALYZER_NONNULL = YES;
				CLANG_ANALYZER_NUMBER_OBJECT_CONVERSION = YES_AGGRESSIVE;
				CLANG_CXX_LANGUAGE_STANDARD = "gnu++17";
				CLANG_ENABLE_MODULES = YES;
				CLANG_ENABLE_OBJC_ARC = YES;
				CLANG_ENABLE_OBJC_WEAK = YES;
				CLANG_WARN_BLOCK_CAPTURE_AUTORELEASING = YES;
				CLANG_WARN_BOOL_CONVERSION = YES;
				CLANG_WARN_COMMA = YES;
				CLANG_WARN_CONSTANT_CONVERSION = YES;
				CLANG_WARN_DEPRECATED_OBJC_IMPLEMENTATIONS = YES;
				CLANG_WARN_DIRECT_OBJC_ISA_USAGE = YES_ERROR;
				CLANG_WARN_DOCUMENTATION_COMMENTS = YES;
				CLANG_WARN_EMPTY_BODY = YES;
				CLANG_WARN_ENUM_CONVERSION = YES;
				CLANG_WARN_INFINITE_RECURSION = YES;
				CLANG_WARN_INT_CONVERSION = YES;
				CLANG_WARN_NON_LITERAL_NULL_CONVERSION = YES;
				CLANG_WARN_OBJC_IMPLICIT_RETAIN_SELF = YES;
				CLANG_WARN_OBJC_LITERAL_CONVERSION = YES;
				CLANG_WARN_OBJC_ROOT_CLASS = YES_ERROR;
				CLANG_WARN_QUOTED_INCLUDE_IN_FRAMEWORK_HEADER = YES;
				CLANG_WARN_RANGE_LOOP_ANALYSIS = YES;
				CLANG_WARN_STRICT_PROTOTYPES = YES;
				CLANG_WARN_SUSPICIOUS_MOVE = YES;
				CLANG_WARN_UNGUARDED_AVAILABILITY = YES_AGGRESSIVE;
				CLANG_WARN_UNREACHABLE_CODE = YES;
				CLANG_WARN__DUPLICATE_METHOD_MATCH = YES;
				COPY_PHASE_STRIP = NO;
				DEBUG_INFORMATION_FORMAT = "dwarf-with-dsym";
				ENABLE_NS_ASSERTIONS = NO;
				ENABLE_STRICT_OBJC_MSGSEND = YES;
				GCC_C_LANGUAGE_STANDARD = gnu11;
				GCC_NO_COMMON_BLOCKS = YES;
				GCC_WARN_64_TO_32_BIT_CONVERSION = YES;
				GCC_WARN_ABOUT_RETURN_TYPE = YES_ERROR;
				GCC_WARN_UNDECLARED_SELECTOR = YES;
				GCC_WARN_UNINITIALIZED_AUTOS = YES_AGGRESSIVE;
				GCC_WARN_UNUSED_FUNCTION = YES;
				GCC_WARN_UNUSED_VARIABLE = YES;
				MTL_ENABLE_DEBUG_INFO = NO;
				MTL_FAST_MATH = YES;
				SDKROOT = iphoneos;
				SWIFT_COMPILATION_MODE = wholemodule;
				SWIFT_OPTIMIZATION_LEVEL = "-O";
				VALIDATE_PRODUCT = YES;
			};
			name = Release;
		};
		677EC7822888C52D008B97B1 /* Debug */ = {
			isa = XCBuildConfiguration;
			buildSettings = {
				ASSETCATALOG_COMPILER_APPICON_NAME = AppIcon;
				ASSETCATALOG_COMPILER_COMPLICATION_NAME = Complication;
				ASSETCATALOG_COMPILER_GLOBAL_ACCENT_COLOR_NAME = AccentColor;
				CODE_SIGN_ENTITLEMENTS = "AEPSampleWatchOSApp WatchKit App/AEPSampleWatchOSApp WatchKit App.entitlements";
				CODE_SIGN_IDENTITY = "Apple Development";
				CODE_SIGN_STYLE = Automatic;
				CURRENT_PROJECT_VERSION = 1;
				DEVELOPMENT_TEAM = W25MXXD3AC;
				GENERATE_INFOPLIST_FILE = YES;
				INFOPLIST_FILE = "AEPSampleWatchOSApp-WatchKit-App-Info.plist";
				INFOPLIST_KEY_CFBundleDisplayName = "AEPSampleWatchOSApp WatchKit App";
				INFOPLIST_KEY_CLKComplicationPrincipalClass = AEPSampleWatchOSApp_WatchKit_App.ComplicationController;
				INFOPLIST_KEY_NSHumanReadableCopyright = "";
				INFOPLIST_KEY_UISupportedInterfaceOrientations = "UIInterfaceOrientationPortrait UIInterfaceOrientationPortraitUpsideDown";
				INFOPLIST_KEY_WKWatchOnly = YES;
				LD_RUNPATH_SEARCH_PATHS = (
					"@executable_path/Frameworks",
					"@executable_path/../../Frameworks",
				);
				MARKETING_VERSION = 1.0;
				PRODUCT_BUNDLE_IDENTIFIER = co.markfrazier.AEPSampleWatchOSApp.watchkitapp;
				PRODUCT_NAME = "$(TARGET_NAME)";
				PROVISIONING_PROFILE_SPECIFIER = "";
				SDKROOT = watchos;
				SKIP_INSTALL = YES;
				SWIFT_EMIT_LOC_STRINGS = YES;
				SWIFT_VERSION = 5.0;
				TARGETED_DEVICE_FAMILY = 4;
				WATCHOS_DEPLOYMENT_TARGET = 8.5;
			};
			name = Debug;
		};
		677EC7832888C52D008B97B1 /* Release */ = {
			isa = XCBuildConfiguration;
			buildSettings = {
				ASSETCATALOG_COMPILER_APPICON_NAME = AppIcon;
				ASSETCATALOG_COMPILER_COMPLICATION_NAME = Complication;
				ASSETCATALOG_COMPILER_GLOBAL_ACCENT_COLOR_NAME = AccentColor;
				CODE_SIGN_ENTITLEMENTS = "AEPSampleWatchOSApp WatchKit App/AEPSampleWatchOSApp WatchKit App.entitlements";
				CODE_SIGN_IDENTITY = "Apple Development";
				CODE_SIGN_STYLE = Automatic;
				CURRENT_PROJECT_VERSION = 1;
				DEVELOPMENT_TEAM = W25MXXD3AC;
				GENERATE_INFOPLIST_FILE = YES;
				INFOPLIST_FILE = "AEPSampleWatchOSApp-WatchKit-App-Info.plist";
				INFOPLIST_KEY_CFBundleDisplayName = "AEPSampleWatchOSApp WatchKit App";
				INFOPLIST_KEY_CLKComplicationPrincipalClass = AEPSampleWatchOSApp_WatchKit_App.ComplicationController;
				INFOPLIST_KEY_NSHumanReadableCopyright = "";
				INFOPLIST_KEY_UISupportedInterfaceOrientations = "UIInterfaceOrientationPortrait UIInterfaceOrientationPortraitUpsideDown";
				INFOPLIST_KEY_WKWatchOnly = YES;
				LD_RUNPATH_SEARCH_PATHS = (
					"@executable_path/Frameworks",
					"@executable_path/../../Frameworks",
				);
				MARKETING_VERSION = 1.0;
				PRODUCT_BUNDLE_IDENTIFIER = co.markfrazier.AEPSampleWatchOSApp.watchkitapp;
				PRODUCT_NAME = "$(TARGET_NAME)";
				PROVISIONING_PROFILE_SPECIFIER = "";
				SDKROOT = watchos;
				SKIP_INSTALL = YES;
				SWIFT_EMIT_LOC_STRINGS = YES;
				SWIFT_VERSION = 5.0;
				TARGETED_DEVICE_FAMILY = 4;
				WATCHOS_DEPLOYMENT_TARGET = 8.5;
			};
			name = Release;
		};
		677EC7862888C52D008B97B1 /* Debug */ = {
			isa = XCBuildConfiguration;
			buildSettings = {
				CODE_SIGN_STYLE = Automatic;
				CURRENT_PROJECT_VERSION = 1;
				DEVELOPMENT_TEAM = W25MXXD3AC;
				MARKETING_VERSION = 1.0;
				PRODUCT_BUNDLE_IDENTIFIER = co.markfrazier.AEPSampleWatchOSApp;
				PRODUCT_NAME = "$(TARGET_NAME)";
				SWIFT_VERSION = 5.0;
			};
			name = Debug;
		};
		677EC7872888C52D008B97B1 /* Release */ = {
			isa = XCBuildConfiguration;
			buildSettings = {
				CODE_SIGN_STYLE = Automatic;
				CURRENT_PROJECT_VERSION = 1;
				DEVELOPMENT_TEAM = W25MXXD3AC;
				MARKETING_VERSION = 1.0;
				PRODUCT_BUNDLE_IDENTIFIER = co.markfrazier.AEPSampleWatchOSApp;
				PRODUCT_NAME = "$(TARGET_NAME)";
				SWIFT_VERSION = 5.0;
			};
			name = Release;
		};
/* End XCBuildConfiguration section */

/* Begin XCConfigurationList section */
		677EC7532888C52C008B97B1 /* Build configuration list for PBXProject "AEPSampleWatchOSApp" */ = {
			isa = XCConfigurationList;
			buildConfigurations = (
				677EC77B2888C52D008B97B1 /* Debug */,
				677EC77C2888C52D008B97B1 /* Release */,
			);
			defaultConfigurationIsVisible = 0;
			defaultConfigurationName = Release;
		};
		677EC7812888C52D008B97B1 /* Build configuration list for PBXNativeTarget "AEPSampleWatchOSApp WatchKit App" */ = {
			isa = XCConfigurationList;
			buildConfigurations = (
				677EC7822888C52D008B97B1 /* Debug */,
				677EC7832888C52D008B97B1 /* Release */,
			);
			defaultConfigurationIsVisible = 0;
			defaultConfigurationName = Release;
		};
		677EC7852888C52D008B97B1 /* Build configuration list for PBXNativeTarget "AEPSampleWatchOSApp" */ = {
			isa = XCConfigurationList;
			buildConfigurations = (
				677EC7862888C52D008B97B1 /* Debug */,
				677EC7872888C52D008B97B1 /* Release */,
			);
			defaultConfigurationIsVisible = 0;
			defaultConfigurationName = Release;
		};
/* End XCConfigurationList section */

/* Begin XCRemoteSwiftPackageReference section */
		67574D6A289087A200F847F0 /* XCRemoteSwiftPackageReference "aepsdk-core-ios" */ = {
			isa = XCRemoteSwiftPackageReference;
			repositoryURL = "https://github.com/FrazierMark/aepsdk-core-ios";
			requirement = {
				branch = main;
				kind = branch;
			};
		};
		67574D75289087AF00F847F0 /* XCRemoteSwiftPackageReference "aepsdk-messaging-ios" */ = {
			isa = XCRemoteSwiftPackageReference;
			repositoryURL = "https://github.com/FrazierMark/aepsdk-messaging-ios";
			requirement = {
				branch = main;
				kind = branch;
			};
		};
		67574D78289087BD00F847F0 /* XCRemoteSwiftPackageReference "aepsdk-edgeidentity-ios" */ = {
			isa = XCRemoteSwiftPackageReference;
			repositoryURL = "https://github.com/FrazierMark/aepsdk-edgeidentity-ios";
			requirement = {
				branch = main;
				kind = branch;
			};
		};
		67574D7B289087CA00F847F0 /* XCRemoteSwiftPackageReference "aepsdk-edge-ios" */ = {
			isa = XCRemoteSwiftPackageReference;
			repositoryURL = "https://github.com/FrazierMark/aepsdk-edge-ios";
			requirement = {
				branch = main;
				kind = branch;
			};
		};
		67574D7E289087D800F847F0 /* XCRemoteSwiftPackageReference "aepsdk-edgeconsent-ios" */ = {
			isa = XCRemoteSwiftPackageReference;
			repositoryURL = "https://github.com/FrazierMark/aepsdk-edgeconsent-ios";
			requirement = {
				branch = main;
				kind = branch;
			};
		};
		67574D81289087E700F847F0 /* XCRemoteSwiftPackageReference "aepsdk-userprofile-ios" */ = {
			isa = XCRemoteSwiftPackageReference;
			repositoryURL = "https://github.com/FrazierMark/aepsdk-userprofile-ios";
			requirement = {
				branch = main;
				kind = branch;
			};
		};
/* End XCRemoteSwiftPackageReference section */

/* Begin XCSwiftPackageProductDependency section */
		67574D6B289087A200F847F0 /* AEPCore */ = {
			isa = XCSwiftPackageProductDependency;
			package = 67574D6A289087A200F847F0 /* XCRemoteSwiftPackageReference "aepsdk-core-ios" */;
			productName = AEPCore;
		};
		67574D6D289087A200F847F0 /* AEPIdentity */ = {
			isa = XCSwiftPackageProductDependency;
			package = 67574D6A289087A200F847F0 /* XCRemoteSwiftPackageReference "aepsdk-core-ios" */;
			productName = AEPIdentity;
		};
		67574D6F289087A200F847F0 /* AEPLifecycle */ = {
			isa = XCSwiftPackageProductDependency;
			package = 67574D6A289087A200F847F0 /* XCRemoteSwiftPackageReference "aepsdk-core-ios" */;
			productName = AEPLifecycle;
		};
		67574D73289087A200F847F0 /* AEPSignal */ = {
			isa = XCSwiftPackageProductDependency;
			package = 67574D6A289087A200F847F0 /* XCRemoteSwiftPackageReference "aepsdk-core-ios" */;
			productName = AEPSignal;
		};
		67574D76289087AF00F847F0 /* AEPMessaging */ = {
			isa = XCSwiftPackageProductDependency;
			package = 67574D75289087AF00F847F0 /* XCRemoteSwiftPackageReference "aepsdk-messaging-ios" */;
			productName = AEPMessaging;
		};
		67574D79289087BD00F847F0 /* AEPEdgeIdentity */ = {
			isa = XCSwiftPackageProductDependency;
			package = 67574D78289087BD00F847F0 /* XCRemoteSwiftPackageReference "aepsdk-edgeidentity-ios" */;
			productName = AEPEdgeIdentity;
		};
		67574D7C289087CA00F847F0 /* AEPEdge */ = {
			isa = XCSwiftPackageProductDependency;
			package = 67574D7B289087CA00F847F0 /* XCRemoteSwiftPackageReference "aepsdk-edge-ios" */;
			productName = AEPEdge;
		};
		67574D82289087E700F847F0 /* AEPUserProfile */ = {
			isa = XCSwiftPackageProductDependency;
			package = 67574D81289087E700F847F0 /* XCRemoteSwiftPackageReference "aepsdk-userprofile-ios" */;
			productName = AEPUserProfile;
		};
		6763FFC228919B9A004552A0 /* AEPServices */ = {
			isa = XCSwiftPackageProductDependency;
			package = 67574D6A289087A200F847F0 /* XCRemoteSwiftPackageReference "aepsdk-core-ios" */;
			productName = AEPServices;
		};
		6763FFC428919BBE004552A0 /* AEPEdgeConsent */ = {
			isa = XCSwiftPackageProductDependency;
			package = 67574D7E289087D800F847F0 /* XCRemoteSwiftPackageReference "aepsdk-edgeconsent-ios" */;
			productName = AEPEdgeConsent;
		};
		67FDC51E288B5B630097EADB /* AEPMessaging */ = {
			isa = XCSwiftPackageProductDependency;
			productName = AEPMessaging;
		};
/* End XCSwiftPackageProductDependency section */
	};
	rootObject = 677EC7502888C52C008B97B1 /* Project object */;
}
