// !$*UTF8*$!
{
	archiveVersion = 1;
	classes = {
	};
	objectVersion = 55;
	objects = {

/* Begin PBXBuildFile section */
		67046D9D288F06C6003A478C /* AEPCore in Frameworks */ = {isa = PBXBuildFile; productRef = 67046D9C288F06C6003A478C /* AEPCore */; };
		67046D9F288F06C6003A478C /* AEPIdentity in Frameworks */ = {isa = PBXBuildFile; productRef = 67046D9E288F06C6003A478C /* AEPIdentity */; };
		67046DA1288F06C6003A478C /* AEPLifecycle in Frameworks */ = {isa = PBXBuildFile; productRef = 67046DA0288F06C6003A478C /* AEPLifecycle */; };
		67046DA3288F06C6003A478C /* AEPServices in Frameworks */ = {isa = PBXBuildFile; productRef = 67046DA2288F06C6003A478C /* AEPServices */; };
		67046DA5288F06C6003A478C /* AEPSignal in Frameworks */ = {isa = PBXBuildFile; productRef = 67046DA4288F06C6003A478C /* AEPSignal */; };
		67046DA8288F06DA003A478C /* AEPMessaging in Frameworks */ = {isa = PBXBuildFile; productRef = 67046DA7288F06DA003A478C /* AEPMessaging */; };
		671E07242889DE2700A9ABC6 /* ExtensionDelegate.swift in Sources */ = {isa = PBXBuildFile; fileRef = 671E07232889DE2700A9ABC6 /* ExtensionDelegate.swift */; };
		67574D2D2890584400F847F0 /* AEPEdgeIdentity in Frameworks */ = {isa = PBXBuildFile; productRef = 67574D2C2890584400F847F0 /* AEPEdgeIdentity */; };
		67574D302890586000F847F0 /* AEPEdge in Frameworks */ = {isa = PBXBuildFile; productRef = 67574D2F2890586000F847F0 /* AEPEdge */; };
		67574D3328905B3800F847F0 /* AEPUserProfile in Frameworks */ = {isa = PBXBuildFile; productRef = 67574D3228905B3800F847F0 /* AEPUserProfile */; };
		67574D3628905C5E00F847F0 /* AEPEdgeConsent in Frameworks */ = {isa = PBXBuildFile; productRef = 67574D3528905C5E00F847F0 /* AEPEdgeConsent */; };
		677EC75B2888C52C008B97B1 /* AEPSampleWatchOSApp WatchKit App.app in Embed Watch Content */ = {isa = PBXBuildFile; fileRef = 677EC75A2888C52C008B97B1 /* AEPSampleWatchOSApp WatchKit App.app */; settings = {ATTRIBUTES = (RemoveHeadersOnCopy, ); }; };
		677EC7602888C52C008B97B1 /* Assets.xcassets in Resources */ = {isa = PBXBuildFile; fileRef = 677EC75F2888C52C008B97B1 /* Assets.xcassets */; };
		677EC76B2888C52C008B97B1 /* AEPSampleWatchOSAppApp.swift in Sources */ = {isa = PBXBuildFile; fileRef = 677EC76A2888C52C008B97B1 /* AEPSampleWatchOSAppApp.swift */; };
		677EC76D2888C52C008B97B1 /* ContentView.swift in Sources */ = {isa = PBXBuildFile; fileRef = 677EC76C2888C52C008B97B1 /* ContentView.swift */; };
		677EC76F2888C52C008B97B1 /* NotificationController.swift in Sources */ = {isa = PBXBuildFile; fileRef = 677EC76E2888C52C008B97B1 /* NotificationController.swift */; };
		677EC7712888C52C008B97B1 /* NotificationView.swift in Sources */ = {isa = PBXBuildFile; fileRef = 677EC7702888C52C008B97B1 /* NotificationView.swift */; };
		677EC7732888C52C008B97B1 /* ComplicationController.swift in Sources */ = {isa = PBXBuildFile; fileRef = 677EC7722888C52C008B97B1 /* ComplicationController.swift */; };
		677EC7752888C52D008B97B1 /* Assets.xcassets in Resources */ = {isa = PBXBuildFile; fileRef = 677EC7742888C52D008B97B1 /* Assets.xcassets */; };
		677EC7782888C52D008B97B1 /* Preview Assets.xcassets in Resources */ = {isa = PBXBuildFile; fileRef = 677EC7772888C52D008B97B1 /* Preview Assets.xcassets */; };
		67FDC51F288B5B630097EADB /* AEPMessaging in Frameworks */ = {isa = PBXBuildFile; productRef = 67FDC51E288B5B630097EADB /* AEPMessaging */; };
/* End PBXBuildFile section */

/* Begin PBXContainerItemProxy section */
		677EC75C2888C52C008B97B1 /* PBXContainerItemProxy */ = {
			isa = PBXContainerItemProxy;
			containerPortal = 677EC7502888C52C008B97B1 /* Project object */;
			proxyType = 1;
			remoteGlobalIDString = 677EC7592888C52C008B97B1;
			remoteInfo = "AEPSampleWatchOSApp WatchKit App";
		};
/* End PBXContainerItemProxy section */

/* Begin PBXCopyFilesBuildPhase section */
		677EC7842888C52D008B97B1 /* Embed Watch Content */ = {
			isa = PBXCopyFilesBuildPhase;
			buildActionMask = 2147483647;
			dstPath = "$(CONTENTS_FOLDER_PATH)/Watch";
			dstSubfolderSpec = 16;
			files = (
				677EC75B2888C52C008B97B1 /* AEPSampleWatchOSApp WatchKit App.app in Embed Watch Content */,
			);
			name = "Embed Watch Content";
			runOnlyForDeploymentPostprocessing = 0;
		};
/* End PBXCopyFilesBuildPhase section */

/* Begin PBXFileReference section */
		670B4660288F4B7E009C7D19 /* AEPSampleWatchOSApp-WatchKit-App-Info.plist */ = {isa = PBXFileReference; lastKnownFileType = text.plist; path = "AEPSampleWatchOSApp-WatchKit-App-Info.plist"; sourceTree = SOURCE_ROOT; };
		670EFDA8288B6B6B008470F2 /* AEPSampleWatchOSApp WatchKit App.entitlements */ = {isa = PBXFileReference; lastKnownFileType = text.plist.entitlements; path = "AEPSampleWatchOSApp WatchKit App.entitlements"; sourceTree = "<group>"; };
		671E07232889DE2700A9ABC6 /* ExtensionDelegate.swift */ = {isa = PBXFileReference; lastKnownFileType = sourcecode.swift; path = ExtensionDelegate.swift; sourceTree = "<group>"; };
		677EC7562888C52C008B97B1 /* AEPSampleWatchOSApp.app */ = {isa = PBXFileReference; explicitFileType = wrapper.application; includeInIndex = 0; path = AEPSampleWatchOSApp.app; sourceTree = BUILT_PRODUCTS_DIR; };
		677EC75A2888C52C008B97B1 /* AEPSampleWatchOSApp WatchKit App.app */ = {isa = PBXFileReference; explicitFileType = wrapper.application; includeInIndex = 0; path = "AEPSampleWatchOSApp WatchKit App.app"; sourceTree = BUILT_PRODUCTS_DIR; };
		677EC75F2888C52C008B97B1 /* Assets.xcassets */ = {isa = PBXFileReference; lastKnownFileType = folder.assetcatalog; path = Assets.xcassets; sourceTree = "<group>"; };
		677EC76A2888C52C008B97B1 /* AEPSampleWatchOSAppApp.swift */ = {isa = PBXFileReference; lastKnownFileType = sourcecode.swift; path = AEPSampleWatchOSAppApp.swift; sourceTree = "<group>"; };
		677EC76C2888C52C008B97B1 /* ContentView.swift */ = {isa = PBXFileReference; lastKnownFileType = sourcecode.swift; path = ContentView.swift; sourceTree = "<group>"; };
		677EC76E2888C52C008B97B1 /* NotificationController.swift */ = {isa = PBXFileReference; lastKnownFileType = sourcecode.swift; path = NotificationController.swift; sourceTree = "<group>"; };
		677EC7702888C52C008B97B1 /* NotificationView.swift */ = {isa = PBXFileReference; lastKnownFileType = sourcecode.swift; path = NotificationView.swift; sourceTree = "<group>"; };
		677EC7722888C52C008B97B1 /* ComplicationController.swift */ = {isa = PBXFileReference; lastKnownFileType = sourcecode.swift; path = ComplicationController.swift; sourceTree = "<group>"; };
		677EC7742888C52D008B97B1 /* Assets.xcassets */ = {isa = PBXFileReference; lastKnownFileType = folder.assetcatalog; path = Assets.xcassets; sourceTree = "<group>"; };
		677EC7772888C52D008B97B1 /* Preview Assets.xcassets */ = {isa = PBXFileReference; lastKnownFileType = folder.assetcatalog; path = "Preview Assets.xcassets"; sourceTree = "<group>"; };
		677EC7792888C52D008B97B1 /* Info.plist */ = {isa = PBXFileReference; lastKnownFileType = text.plist.xml; path = Info.plist; sourceTree = "<group>"; };
		677EC77A2888C52D008B97B1 /* PushNotificationPayload.apns */ = {isa = PBXFileReference; lastKnownFileType = text; path = PushNotificationPayload.apns; sourceTree = "<group>"; };
/* End PBXFileReference section */

/* Begin PBXFrameworksBuildPhase section */
		003DFC9685264016FE1BF844 /* Frameworks */ = {
			isa = PBXFrameworksBuildPhase;
			buildActionMask = 2147483647;
			files = (
				67574D302890586000F847F0 /* AEPEdge in Frameworks */,
				67046DA3288F06C6003A478C /* AEPServices in Frameworks */,
				67046DA5288F06C6003A478C /* AEPSignal in Frameworks */,
				67046D9D288F06C6003A478C /* AEPCore in Frameworks */,
				67574D3328905B3800F847F0 /* AEPUserProfile in Frameworks */,
				67046DA8288F06DA003A478C /* AEPMessaging in Frameworks */,
				67574D2D2890584400F847F0 /* AEPEdgeIdentity in Frameworks */,
				67574D3628905C5E00F847F0 /* AEPEdgeConsent in Frameworks */,
				67FDC51F288B5B630097EADB /* AEPMessaging in Frameworks */,
				67046DA1288F06C6003A478C /* AEPLifecycle in Frameworks */,
				67046D9F288F06C6003A478C /* AEPIdentity in Frameworks */,
			);
			runOnlyForDeploymentPostprocessing = 0;
		};
		8D2A8C9132DB1D7B179EE651 /* Frameworks */ = {
			isa = PBXFrameworksBuildPhase;
			buildActionMask = 2147483647;
			files = (
			);
			runOnlyForDeploymentPostprocessing = 0;
		};
/* End PBXFrameworksBuildPhase section */

/* Begin PBXGroup section */
		670EFDBE288B82F0008470F2 /* Packages */ = {
			isa = PBXGroup;
			children = (
			);
			name = Packages;
			sourceTree = "<group>";
		};
		677EC74F2888C52C008B97B1 = {
			isa = PBXGroup;
			children = (
				670EFDBE288B82F0008470F2 /* Packages */,
				677EC75E2888C52C008B97B1 /* AEPSampleWatchOSApp WatchKit App */,
				677EC7692888C52C008B97B1 /* AEPSampleWatchOSApp WatchKit Extension */,
				677EC7572888C52C008B97B1 /* Products */,
				67FDC50E288B2D360097EADB /* Frameworks */,
			);
			sourceTree = "<group>";
		};
		677EC7572888C52C008B97B1 /* Products */ = {
			isa = PBXGroup;
			children = (
				677EC7562888C52C008B97B1 /* AEPSampleWatchOSApp.app */,
				677EC75A2888C52C008B97B1 /* AEPSampleWatchOSApp WatchKit App.app */,
			);
			name = Products;
			sourceTree = "<group>";
		};
		677EC75E2888C52C008B97B1 /* AEPSampleWatchOSApp WatchKit App */ = {
			isa = PBXGroup;
			children = (
				670B4660288F4B7E009C7D19 /* AEPSampleWatchOSApp-WatchKit-App-Info.plist */,
				670EFDA8288B6B6B008470F2 /* AEPSampleWatchOSApp WatchKit App.entitlements */,
				677EC75F2888C52C008B97B1 /* Assets.xcassets */,
			);
			path = "AEPSampleWatchOSApp WatchKit App";
			sourceTree = "<group>";
		};
		677EC7692888C52C008B97B1 /* AEPSampleWatchOSApp WatchKit Extension */ = {
			isa = PBXGroup;
			children = (
				677EC76A2888C52C008B97B1 /* AEPSampleWatchOSAppApp.swift */,
				677EC76C2888C52C008B97B1 /* ContentView.swift */,
				677EC76E2888C52C008B97B1 /* NotificationController.swift */,
				677EC7702888C52C008B97B1 /* NotificationView.swift */,
				677EC7722888C52C008B97B1 /* ComplicationController.swift */,
				671E07232889DE2700A9ABC6 /* ExtensionDelegate.swift */,
				677EC7742888C52D008B97B1 /* Assets.xcassets */,
				677EC7792888C52D008B97B1 /* Info.plist */,
				677EC77A2888C52D008B97B1 /* PushNotificationPayload.apns */,
				677EC7762888C52D008B97B1 /* Preview Content */,
			);
			path = "AEPSampleWatchOSApp WatchKit Extension";
			sourceTree = "<group>";
		};
		677EC7762888C52D008B97B1 /* Preview Content */ = {
			isa = PBXGroup;
			children = (
				677EC7772888C52D008B97B1 /* Preview Assets.xcassets */,
			);
			path = "Preview Content";
			sourceTree = "<group>";
		};
		67FDC50E288B2D360097EADB /* Frameworks */ = {
			isa = PBXGroup;
			children = (
			);
			name = Frameworks;
			sourceTree = "<group>";
		};
/* End PBXGroup section */

/* Begin PBXNativeTarget section */
		677EC7552888C52C008B97B1 /* AEPSampleWatchOSApp */ = {
			isa = PBXNativeTarget;
			buildConfigurationList = 677EC7852888C52D008B97B1 /* Build configuration list for PBXNativeTarget "AEPSampleWatchOSApp" */;
			buildPhases = (
				677EC7542888C52C008B97B1 /* Resources */,
				677EC7842888C52D008B97B1 /* Embed Watch Content */,
				8D2A8C9132DB1D7B179EE651 /* Frameworks */,
			);
			buildRules = (
			);
			dependencies = (
				677EC75D2888C52C008B97B1 /* PBXTargetDependency */,
			);
			name = AEPSampleWatchOSApp;
			productName = AEPSampleWatchOSApp;
			productReference = 677EC7562888C52C008B97B1 /* AEPSampleWatchOSApp.app */;
			productType = "com.apple.product-type.application.watchapp2-container";
		};
		677EC7592888C52C008B97B1 /* AEPSampleWatchOSApp WatchKit App */ = {
			isa = PBXNativeTarget;
			buildConfigurationList = 677EC7812888C52D008B97B1 /* Build configuration list for PBXNativeTarget "AEPSampleWatchOSApp WatchKit App" */;
			buildPhases = (
				677EC7582888C52C008B97B1 /* Resources */,
				003DFC9685264016FE1BF844 /* Frameworks */,
				677EC7612888C52C008B97B1 /* Sources */,
			);
			buildRules = (
			);
			dependencies = (
			);
			name = "AEPSampleWatchOSApp WatchKit App";
			packageProductDependencies = (
				67046D9C288F06C6003A478C /* AEPCore */,
				67046D9E288F06C6003A478C /* AEPIdentity */,
				67046DA0288F06C6003A478C /* AEPLifecycle */,
				67046DA2288F06C6003A478C /* AEPServices */,
				67046DA4288F06C6003A478C /* AEPSignal */,
				67046DA7288F06DA003A478C /* AEPMessaging */,
				67574D2C2890584400F847F0 /* AEPEdgeIdentity */,
				67574D2F2890586000F847F0 /* AEPEdge */,
				67574D3228905B3800F847F0 /* AEPUserProfile */,
				67574D3528905C5E00F847F0 /* AEPEdgeConsent */,
			);
			productName = "AEPSampleWatchOSApp WatchKit App";
			productReference = 677EC75A2888C52C008B97B1 /* AEPSampleWatchOSApp WatchKit App.app */;
			productType = "com.apple.product-type.application";
		};
/* End PBXNativeTarget section */

/* Begin PBXProject section */
		677EC7502888C52C008B97B1 /* Project object */ = {
			isa = PBXProject;
			attributes = {
				BuildIndependentTargetsInParallel = 1;
				LastSwiftUpdateCheck = 1340;
				LastUpgradeCheck = 1400;
				TargetAttributes = {
					677EC7552888C52C008B97B1 = {
						CreatedOnToolsVersion = 13.4.1;
					};
					677EC7592888C52C008B97B1 = {
						CreatedOnToolsVersion = 13.4.1;
					};
				};
			};
			buildConfigurationList = 677EC7532888C52C008B97B1 /* Build configuration list for PBXProject "AEPSampleWatchOSApp" */;
			compatibilityVersion = "Xcode 13.0";
			developmentRegion = en;
			hasScannedForEncodings = 0;
			knownRegions = (
				en,
				Base,
			);
			mainGroup = 677EC74F2888C52C008B97B1;
			packageReferences = (
				67046D9B288F06C6003A478C /* XCRemoteSwiftPackageReference "aepsdk-core-ios" */,
				67046DA6288F06DA003A478C /* XCRemoteSwiftPackageReference "aepsdk-messaging-ios" */,
				67574D2B2890584400F847F0 /* XCRemoteSwiftPackageReference "aepsdk-edgeidentity-ios" */,
				67574D2E2890586000F847F0 /* XCRemoteSwiftPackageReference "aepsdk-edge-ios" */,
				67574D3128905B3800F847F0 /* XCRemoteSwiftPackageReference "aepsdk-userprofile-ios" */,
				67574D3428905C5E00F847F0 /* XCRemoteSwiftPackageReference "aepsdk-edgeconsent-ios" */,
			);
			productRefGroup = 677EC7572888C52C008B97B1 /* Products */;
			projectDirPath = "";
			projectRoot = "";
			targets = (
				677EC7552888C52C008B97B1 /* AEPSampleWatchOSApp */,
				677EC7592888C52C008B97B1 /* AEPSampleWatchOSApp WatchKit App */,
			);
		};
/* End PBXProject section */

/* Begin PBXResourcesBuildPhase section */
		677EC7542888C52C008B97B1 /* Resources */ = {
			isa = PBXResourcesBuildPhase;
			buildActionMask = 2147483647;
			files = (
			);
			runOnlyForDeploymentPostprocessing = 0;
		};
		677EC7582888C52C008B97B1 /* Resources */ = {
			isa = PBXResourcesBuildPhase;
			buildActionMask = 2147483647;
			files = (
				677EC7782888C52D008B97B1 /* Preview Assets.xcassets in Resources */,
				677EC7752888C52D008B97B1 /* Assets.xcassets in Resources */,
				677EC7602888C52C008B97B1 /* Assets.xcassets in Resources */,
			);
			runOnlyForDeploymentPostprocessing = 0;
		};
/* End PBXResourcesBuildPhase section */

/* Begin PBXSourcesBuildPhase section */
		677EC7612888C52C008B97B1 /* Sources */ = {
			isa = PBXSourcesBuildPhase;
			buildActionMask = 2147483647;
			files = (
				677EC76F2888C52C008B97B1 /* NotificationController.swift in Sources */,
				677EC76D2888C52C008B97B1 /* ContentView.swift in Sources */,
				671E07242889DE2700A9ABC6 /* ExtensionDelegate.swift in Sources */,
				677EC7732888C52C008B97B1 /* ComplicationController.swift in Sources */,
				677EC76B2888C52C008B97B1 /* AEPSampleWatchOSAppApp.swift in Sources */,
				677EC7712888C52C008B97B1 /* NotificationView.swift in Sources */,
			);
			runOnlyForDeploymentPostprocessing = 0;
		};
/* End PBXSourcesBuildPhase section */

/* Begin PBXTargetDependency section */
		677EC75D2888C52C008B97B1 /* PBXTargetDependency */ = {
			isa = PBXTargetDependency;
			target = 677EC7592888C52C008B97B1 /* AEPSampleWatchOSApp WatchKit App */;
			targetProxy = 677EC75C2888C52C008B97B1 /* PBXContainerItemProxy */;
		};
/* End PBXTargetDependency section */

/* Begin XCBuildConfiguration section */
		677EC77B2888C52D008B97B1 /* Debug */ = {
			isa = XCBuildConfiguration;
			buildSettings = {
				ALWAYS_SEARCH_USER_PATHS = NO;
				CLANG_ANALYZER_NONNULL = YES;
				CLANG_ANALYZER_NUMBER_OBJECT_CONVERSION = YES_AGGRESSIVE;
				CLANG_CXX_LANGUAGE_STANDARD = "gnu++17";
				CLANG_ENABLE_MODULES = YES;
				CLANG_ENABLE_OBJC_ARC = YES;
				CLANG_ENABLE_OBJC_WEAK = YES;
				CLANG_WARN_BLOCK_CAPTURE_AUTORELEASING = YES;
				CLANG_WARN_BOOL_CONVERSION = YES;
				CLANG_WARN_COMMA = YES;
				CLANG_WARN_CONSTANT_CONVERSION = YES;
				CLANG_WARN_DEPRECATED_OBJC_IMPLEMENTATIONS = YES;
				CLANG_WARN_DIRECT_OBJC_ISA_USAGE = YES_ERROR;
				CLANG_WARN_DOCUMENTATION_COMMENTS = YES;
				CLANG_WARN_EMPTY_BODY = YES;
				CLANG_WARN_ENUM_CONVERSION = YES;
				CLANG_WARN_INFINITE_RECURSION = YES;
				CLANG_WARN_INT_CONVERSION = YES;
				CLANG_WARN_NON_LITERAL_NULL_CONVERSION = YES;
				CLANG_WARN_OBJC_IMPLICIT_RETAIN_SELF = YES;
				CLANG_WARN_OBJC_LITERAL_CONVERSION = YES;
				CLANG_WARN_OBJC_ROOT_CLASS = YES_ERROR;
				CLANG_WARN_QUOTED_INCLUDE_IN_FRAMEWORK_HEADER = YES;
				CLANG_WARN_RANGE_LOOP_ANALYSIS = YES;
				CLANG_WARN_STRICT_PROTOTYPES = YES;
				CLANG_WARN_SUSPICIOUS_MOVE = YES;
				CLANG_WARN_UNGUARDED_AVAILABILITY = YES_AGGRESSIVE;
				CLANG_WARN_UNREACHABLE_CODE = YES;
				CLANG_WARN__DUPLICATE_METHOD_MATCH = YES;
				COPY_PHASE_STRIP = NO;
				DEBUG_INFORMATION_FORMAT = dwarf;
				ENABLE_STRICT_OBJC_MSGSEND = YES;
				ENABLE_TESTABILITY = YES;
				GCC_C_LANGUAGE_STANDARD = gnu11;
				GCC_DYNAMIC_NO_PIC = NO;
				GCC_NO_COMMON_BLOCKS = YES;
				GCC_OPTIMIZATION_LEVEL = 0;
				GCC_PREPROCESSOR_DEFINITIONS = (
					"DEBUG=1",
					"$(inherited)",
				);
				GCC_WARN_64_TO_32_BIT_CONVERSION = YES;
				GCC_WARN_ABOUT_RETURN_TYPE = YES_ERROR;
				GCC_WARN_UNDECLARED_SELECTOR = YES;
				GCC_WARN_UNINITIALIZED_AUTOS = YES_AGGRESSIVE;
				GCC_WARN_UNUSED_FUNCTION = YES;
				GCC_WARN_UNUSED_VARIABLE = YES;
				MTL_ENABLE_DEBUG_INFO = INCLUDE_SOURCE;
				MTL_FAST_MATH = YES;
				ONLY_ACTIVE_ARCH = YES;
				SDKROOT = iphoneos;
				SWIFT_ACTIVE_COMPILATION_CONDITIONS = DEBUG;
				SWIFT_OPTIMIZATION_LEVEL = "-Onone";
			};
			name = Debug;
		};
		677EC77C2888C52D008B97B1 /* Release */ = {
			isa = XCBuildConfiguration;
			buildSettings = {
				ALWAYS_SEARCH_USER_PATHS = NO;
				CLANG_ANALYZER_NONNULL = YES;
				CLANG_ANALYZER_NUMBER_OBJECT_CONVERSION = YES_AGGRESSIVE;
				CLANG_CXX_LANGUAGE_STANDARD = "gnu++17";
				CLANG_ENABLE_MODULES = YES;
				CLANG_ENABLE_OBJC_ARC = YES;
				CLANG_ENABLE_OBJC_WEAK = YES;
				CLANG_WARN_BLOCK_CAPTURE_AUTORELEASING = YES;
				CLANG_WARN_BOOL_CONVERSION = YES;
				CLANG_WARN_COMMA = YES;
				CLANG_WARN_CONSTANT_CONVERSION = YES;
				CLANG_WARN_DEPRECATED_OBJC_IMPLEMENTATIONS = YES;
				CLANG_WARN_DIRECT_OBJC_ISA_USAGE = YES_ERROR;
				CLANG_WARN_DOCUMENTATION_COMMENTS = YES;
				CLANG_WARN_EMPTY_BODY = YES;
				CLANG_WARN_ENUM_CONVERSION = YES;
				CLANG_WARN_INFINITE_RECURSION = YES;
				CLANG_WARN_INT_CONVERSION = YES;
				CLANG_WARN_NON_LITERAL_NULL_CONVERSION = YES;
				CLANG_WARN_OBJC_IMPLICIT_RETAIN_SELF = YES;
				CLANG_WARN_OBJC_LITERAL_CONVERSION = YES;
				CLANG_WARN_OBJC_ROOT_CLASS = YES_ERROR;
				CLANG_WARN_QUOTED_INCLUDE_IN_FRAMEWORK_HEADER = YES;
				CLANG_WARN_RANGE_LOOP_ANALYSIS = YES;
				CLANG_WARN_STRICT_PROTOTYPES = YES;
				CLANG_WARN_SUSPICIOUS_MOVE = YES;
				CLANG_WARN_UNGUARDED_AVAILABILITY = YES_AGGRESSIVE;
				CLANG_WARN_UNREACHABLE_CODE = YES;
				CLANG_WARN__DUPLICATE_METHOD_MATCH = YES;
				COPY_PHASE_STRIP = NO;
				DEBUG_INFORMATION_FORMAT = "dwarf-with-dsym";
				ENABLE_NS_ASSERTIONS = NO;
				ENABLE_STRICT_OBJC_MSGSEND = YES;
				GCC_C_LANGUAGE_STANDARD = gnu11;
				GCC_NO_COMMON_BLOCKS = YES;
				GCC_WARN_64_TO_32_BIT_CONVERSION = YES;
				GCC_WARN_ABOUT_RETURN_TYPE = YES_ERROR;
				GCC_WARN_UNDECLARED_SELECTOR = YES;
				GCC_WARN_UNINITIALIZED_AUTOS = YES_AGGRESSIVE;
				GCC_WARN_UNUSED_FUNCTION = YES;
				GCC_WARN_UNUSED_VARIABLE = YES;
				MTL_ENABLE_DEBUG_INFO = NO;
				MTL_FAST_MATH = YES;
				SDKROOT = iphoneos;
				SWIFT_COMPILATION_MODE = wholemodule;
				SWIFT_OPTIMIZATION_LEVEL = "-O";
				VALIDATE_PRODUCT = YES;
			};
			name = Release;
		};
		677EC7822888C52D008B97B1 /* Debug */ = {
			isa = XCBuildConfiguration;
			buildSettings = {
				ALWAYS_EMBED_SWIFT_STANDARD_LIBRARIES = YES;
				ASSETCATALOG_COMPILER_APPICON_NAME = AppIcon;
				ASSETCATALOG_COMPILER_COMPLICATION_NAME = Complication;
				ASSETCATALOG_COMPILER_GLOBAL_ACCENT_COLOR_NAME = AccentColor;
				CODE_SIGN_ENTITLEMENTS = "AEPSampleWatchOSApp WatchKit App/AEPSampleWatchOSApp WatchKit App.entitlements";
				CODE_SIGN_IDENTITY = "Apple Development";
				CODE_SIGN_STYLE = Automatic;
				CURRENT_PROJECT_VERSION = 1;
				DEVELOPMENT_TEAM = W25MXXD3AC;
				GENERATE_INFOPLIST_FILE = YES;
				INFOPLIST_FILE = "AEPSampleWatchOSApp-WatchKit-App-Info.plist";
				INFOPLIST_KEY_CFBundleDisplayName = "AEPSampleWatchOSApp WatchKit App";
				INFOPLIST_KEY_CLKComplicationPrincipalClass = AEPSampleWatchOSApp_WatchKit_App.ComplicationController;
				INFOPLIST_KEY_NSHumanReadableCopyright = "";
				INFOPLIST_KEY_UISupportedInterfaceOrientations = "UIInterfaceOrientationPortrait UIInterfaceOrientationPortraitUpsideDown";
				INFOPLIST_KEY_WKWatchOnly = YES;
				LD_RUNPATH_SEARCH_PATHS = (
					"@executable_path/Frameworks",
					"@executable_path/../../Frameworks",
				);
				MARKETING_VERSION = 1.0;
				PRODUCT_BUNDLE_IDENTIFIER = co.markfrazier.AEPSampleWatchOSApp.watchkitapp;
				PRODUCT_NAME = "$(TARGET_NAME)";
				PROVISIONING_PROFILE_SPECIFIER = "";
				SDKROOT = watchos;
				SKIP_INSTALL = YES;
				SWIFT_EMIT_LOC_STRINGS = YES;
				SWIFT_VERSION = 5.0;
				TARGETED_DEVICE_FAMILY = 4;
				WATCHOS_DEPLOYMENT_TARGET = 8.5;
			};
			name = Debug;
		};
		677EC7832888C52D008B97B1 /* Release */ = {
			isa = XCBuildConfiguration;
			buildSettings = {
				ALWAYS_EMBED_SWIFT_STANDARD_LIBRARIES = YES;
				ASSETCATALOG_COMPILER_APPICON_NAME = AppIcon;
				ASSETCATALOG_COMPILER_COMPLICATION_NAME = Complication;
				ASSETCATALOG_COMPILER_GLOBAL_ACCENT_COLOR_NAME = AccentColor;
				CODE_SIGN_ENTITLEMENTS = "AEPSampleWatchOSApp WatchKit App/AEPSampleWatchOSApp WatchKit App.entitlements";
				CODE_SIGN_IDENTITY = "Apple Development";
				CODE_SIGN_STYLE = Automatic;
				CURRENT_PROJECT_VERSION = 1;
				DEVELOPMENT_TEAM = W25MXXD3AC;
				GENERATE_INFOPLIST_FILE = YES;
				INFOPLIST_FILE = "AEPSampleWatchOSApp-WatchKit-App-Info.plist";
				INFOPLIST_KEY_CFBundleDisplayName = "AEPSampleWatchOSApp WatchKit App";
				INFOPLIST_KEY_CLKComplicationPrincipalClass = AEPSampleWatchOSApp_WatchKit_App.ComplicationController;
				INFOPLIST_KEY_NSHumanReadableCopyright = "";
				INFOPLIST_KEY_UISupportedInterfaceOrientations = "UIInterfaceOrientationPortrait UIInterfaceOrientationPortraitUpsideDown";
				INFOPLIST_KEY_WKWatchOnly = YES;
				LD_RUNPATH_SEARCH_PATHS = (
					"@executable_path/Frameworks",
					"@executable_path/../../Frameworks",
				);
				MARKETING_VERSION = 1.0;
				PRODUCT_BUNDLE_IDENTIFIER = co.markfrazier.AEPSampleWatchOSApp.watchkitapp;
				PRODUCT_NAME = "$(TARGET_NAME)";
				PROVISIONING_PROFILE_SPECIFIER = "";
				SDKROOT = watchos;
				SKIP_INSTALL = YES;
				SWIFT_EMIT_LOC_STRINGS = YES;
				SWIFT_VERSION = 5.0;
				TARGETED_DEVICE_FAMILY = 4;
				WATCHOS_DEPLOYMENT_TARGET = 8.5;
			};
			name = Release;
		};
		677EC7862888C52D008B97B1 /* Debug */ = {
			isa = XCBuildConfiguration;
			buildSettings = {
				CODE_SIGN_STYLE = Automatic;
				CURRENT_PROJECT_VERSION = 1;
				DEVELOPMENT_TEAM = W25MXXD3AC;
				MARKETING_VERSION = 1.0;
				PRODUCT_BUNDLE_IDENTIFIER = co.markfrazier.AEPSampleWatchOSApp;
				PRODUCT_NAME = "$(TARGET_NAME)";
				SWIFT_VERSION = 5.0;
			};
			name = Debug;
		};
		677EC7872888C52D008B97B1 /* Release */ = {
			isa = XCBuildConfiguration;
			buildSettings = {
				CODE_SIGN_STYLE = Automatic;
				CURRENT_PROJECT_VERSION = 1;
				DEVELOPMENT_TEAM = W25MXXD3AC;
				MARKETING_VERSION = 1.0;
				PRODUCT_BUNDLE_IDENTIFIER = co.markfrazier.AEPSampleWatchOSApp;
				PRODUCT_NAME = "$(TARGET_NAME)";
				SWIFT_VERSION = 5.0;
			};
			name = Release;
		};
/* End XCBuildConfiguration section */

/* Begin XCConfigurationList section */
		677EC7532888C52C008B97B1 /* Build configuration list for PBXProject "AEPSampleWatchOSApp" */ = {
			isa = XCConfigurationList;
			buildConfigurations = (
				677EC77B2888C52D008B97B1 /* Debug */,
				677EC77C2888C52D008B97B1 /* Release */,
			);
			defaultConfigurationIsVisible = 0;
			defaultConfigurationName = Release;
		};
		677EC7812888C52D008B97B1 /* Build configuration list for PBXNativeTarget "AEPSampleWatchOSApp WatchKit App" */ = {
			isa = XCConfigurationList;
			buildConfigurations = (
				677EC7822888C52D008B97B1 /* Debug */,
				677EC7832888C52D008B97B1 /* Release */,
			);
			defaultConfigurationIsVisible = 0;
			defaultConfigurationName = Release;
		};
		677EC7852888C52D008B97B1 /* Build configuration list for PBXNativeTarget "AEPSampleWatchOSApp" */ = {
			isa = XCConfigurationList;
			buildConfigurations = (
				677EC7862888C52D008B97B1 /* Debug */,
				677EC7872888C52D008B97B1 /* Release */,
			);
			defaultConfigurationIsVisible = 0;
			defaultConfigurationName = Release;
		};
/* End XCConfigurationList section */

/* Begin XCRemoteSwiftPackageReference section */
		67046D9B288F06C6003A478C /* XCRemoteSwiftPackageReference "aepsdk-core-ios" */ = {
			isa = XCRemoteSwiftPackageReference;
			repositoryURL = "https://github.com/FrazierMark/aepsdk-core-ios";
			requirement = {
				branch = main;
				kind = branch;
			};
		};
		67046DA6288F06DA003A478C /* XCRemoteSwiftPackageReference "aepsdk-messaging-ios" */ = {
			isa = XCRemoteSwiftPackageReference;
			repositoryURL = "https://github.com/FrazierMark/aepsdk-messaging-ios";
			requirement = {
				branch = main;
				kind = branch;
			};
		};
		67574D2B2890584400F847F0 /* XCRemoteSwiftPackageReference "aepsdk-edgeidentity-ios" */ = {
			isa = XCRemoteSwiftPackageReference;
			repositoryURL = "https://github.com/FrazierMark/aepsdk-edgeidentity-ios";
			requirement = {
				branch = main;
				kind = branch;
			};
		};
		67574D2E2890586000F847F0 /* XCRemoteSwiftPackageReference "aepsdk-edge-ios" */ = {
			isa = XCRemoteSwiftPackageReference;
			repositoryURL = "https://github.com/FrazierMark/aepsdk-edge-ios";
			requirement = {
				branch = main;
				kind = branch;
			};
		};
		67574D3128905B3800F847F0 /* XCRemoteSwiftPackageReference "aepsdk-userprofile-ios" */ = {
			isa = XCRemoteSwiftPackageReference;
			repositoryURL = "https://github.com/FrazierMark/aepsdk-userprofile-ios";
			requirement = {
				kind = upToNextMajorVersion;
				minimumVersion = 3.0.0;
			};
		};
		67574D3428905C5E00F847F0 /* XCRemoteSwiftPackageReference "aepsdk-edgeconsent-ios" */ = {
			isa = XCRemoteSwiftPackageReference;
			repositoryURL = "https://github.com/FrazierMark/aepsdk-edgeconsent-ios";
			requirement = {
				kind = upToNextMajorVersion;
				minimumVersion = 1.0.0;
			};
		};
/* End XCRemoteSwiftPackageReference section */

/* Begin XCSwiftPackageProductDependency section */
		67046D9C288F06C6003A478C /* AEPCore */ = {
			isa = XCSwiftPackageProductDependency;
			package = 67046D9B288F06C6003A478C /* XCRemoteSwiftPackageReference "aepsdk-core-ios" */;
			productName = AEPCore;
		};
		67046D9E288F06C6003A478C /* AEPIdentity */ = {
			isa = XCSwiftPackageProductDependency;
			package = 67046D9B288F06C6003A478C /* XCRemoteSwiftPackageReference "aepsdk-core-ios" */;
			productName = AEPIdentity;
		};
		67046DA0288F06C6003A478C /* AEPLifecycle */ = {
			isa = XCSwiftPackageProductDependency;
			package = 67046D9B288F06C6003A478C /* XCRemoteSwiftPackageReference "aepsdk-core-ios" */;
			productName = AEPLifecycle;
		};
		67046DA2288F06C6003A478C /* AEPServices */ = {
			isa = XCSwiftPackageProductDependency;
			package = 67046D9B288F06C6003A478C /* XCRemoteSwiftPackageReference "aepsdk-core-ios" */;
			productName = AEPServices;
		};
		67046DA4288F06C6003A478C /* AEPSignal */ = {
			isa = XCSwiftPackageProductDependency;
			package = 67046D9B288F06C6003A478C /* XCRemoteSwiftPackageReference "aepsdk-core-ios" */;
			productName = AEPSignal;
		};
		67046DA7288F06DA003A478C /* AEPMessaging */ = {
			isa = XCSwiftPackageProductDependency;
			package = 67046DA6288F06DA003A478C /* XCRemoteSwiftPackageReference "aepsdk-messaging-ios" */;
			productName = AEPMessaging;
		};
		67574D2C2890584400F847F0 /* AEPEdgeIdentity */ = {
			isa = XCSwiftPackageProductDependency;
			package = 67574D2B2890584400F847F0 /* XCRemoteSwiftPackageReference "aepsdk-edgeidentity-ios" */;
			productName = AEPEdgeIdentity;
		};
		67574D2F2890586000F847F0 /* AEPEdge */ = {
			isa = XCSwiftPackageProductDependency;
			package = 67574D2E2890586000F847F0 /* XCRemoteSwiftPackageReference "aepsdk-edge-ios" */;
			productName = AEPEdge;
		};
		67574D3228905B3800F847F0 /* AEPUserProfile */ = {
			isa = XCSwiftPackageProductDependency;
			package = 67574D3128905B3800F847F0 /* XCRemoteSwiftPackageReference "aepsdk-userprofile-ios" */;
			productName = AEPUserProfile;
		};
		67574D3528905C5E00F847F0 /* AEPEdgeConsent */ = {
			isa = XCSwiftPackageProductDependency;
			package = 67574D3428905C5E00F847F0 /* XCRemoteSwiftPackageReference "aepsdk-edgeconsent-ios" */;
			productName = AEPEdgeConsent;
		};
		67FDC51E288B5B630097EADB /* AEPMessaging */ = {
			isa = XCSwiftPackageProductDependency;
			productName = AEPMessaging;
		};
/* End XCSwiftPackageProductDependency section */
	};
	rootObject = 677EC7502888C52C008B97B1 /* Project object */;
}
