{
  "object": {
    "pins": [
      {
        "package": "AEPEdge",
        "repositoryURL": "https://github.com/FrazierMark/aepsdk-edge-ios",
        "state": {
          "branch": "main",
          "revision": "f98238fa454ec11eece1de89a1e1252ed2101ceb",
          "version": null
        }
      },
      {
        "package": "AEPEdgeConsent",
        "repositoryURL": "https://github.com/FrazierMark/aepsdk-edgeconsent-ios",
        "state": {
          "branch": "main",
          "revision": "c9e7884f04c5ebc2f1d808426da4078a5b474b18",
          "version": null
        }
      },
      {
        "package": "AEPEdgeIdentity",
        "repositoryURL": "https://github.com/FrazierMark/aepsdk-edgeidentity-ios",
        "state": {
          "branch": "main",
          "revision": "c17c9e81d13ecfe5985a59453c00d34d1b636a96",
          "version": null
        }
      },
      {
        "package": "AEPMessaging",
        "repositoryURL": "https://github.com/FrazierMark/aepsdk-messaging-ios",
        "state": {
          "branch": "main",
          "revision": "691de5d50f64a3a5367ca42c41bba95f75852031",
          "version": null
        }
      },
      {
        "package": "AEPOptimize",
        "repositoryURL": "https://github.com/FrazierMark/aepsdk-optimize-ios.git",
        "state": {
          "branch": "dev",
          "revision": "08f9cec5447cc65b52d3ee6f9b0c93d2665b02c4",
          "version": null
        }
      },
      {
        "package": "AEPRulesEngine",
        "repositoryURL": "https://github.com/FrazierMark/aepsdk-rulesengine-ios",
        "state": {
          "branch": null,
          "revision": "5907e2ed364135448a2a5d77a76c2ff971396397",
          "version": "1.2.0"
        }
      },
      {
        "package": "AEPUserProfile",
        "repositoryURL": "https://github.com/FrazierMark/aepsdk-userprofile-ios",
        "state": {
          "branch": "main",
          "revision": "93463f2f3e983b7bfd622e58cf1dec3ae94aa103",
          "version": null
        }
      }
    ]
  },
  "version": 1
}
